// !$*UTF8*$!
{
	archiveVersion = 1;
	classes = {
	};
	objectVersion = 46;
	objects = {

/* Begin PBXBuildFile section */
		A2186FCD1BF9E56C000AF257 /* JRTDebug.m in Sources */ = {isa = PBXBuildFile; fileRef = A2186FC91BF9E56C000AF257 /* JRTDebug.m */; };
		A2186FCE1BF9E56C000AF257 /* main.m in Sources */ = {isa = PBXBuildFile; fileRef = A2186FCA1BF9E56C000AF257 /* main.m */; };
		A21910E11EE450CF00A83DA1 /* JRTCircleVibrantView.swift in Sources */ = {isa = PBXBuildFile; fileRef = A21910E01EE450CF00A83DA1 /* JRTCircleVibrantView.swift */; };
		A21DE3851A2B39330069BE45 /* iTunesArtwork in Resources */ = {isa = PBXBuildFile; fileRef = A21DE3841A2B39330069BE45 /* iTunesArtwork */; };
		A2585D981EE72C97004C0C6E /* NetworkController.swift in Sources */ = {isa = PBXBuildFile; fileRef = A2585D971EE72C97004C0C6E /* NetworkController.swift */; };
		A2585D9A1EEC38CB004C0C6E /* LightSwitchesViewController.swift in Sources */ = {isa = PBXBuildFile; fileRef = A2585D991EEC38CB004C0C6E /* LightSwitchesViewController.swift */; };
		A2585D9D1EED2899004C0C6E /* SwitchesController.swift in Sources */ = {isa = PBXBuildFile; fileRef = A2585D9C1EED2899004C0C6E /* SwitchesController.swift */; };
		A2733A281BF9E22100641F0E /* JRTH264VideoStreamProcessor.m in Sources */ = {isa = PBXBuildFile; fileRef = A2733A231BF9E22100641F0E /* JRTH264VideoStreamProcessor.m */; };
		A2733A291BF9E22100641F0E /* JRTH264VideoStreamController.m in Sources */ = {isa = PBXBuildFile; fileRef = A2733A251BF9E22100641F0E /* JRTH264VideoStreamController.m */; };
		A2733A2A1BF9E22100641F0E /* NSData+NALUnit.m in Sources */ = {isa = PBXBuildFile; fileRef = A2733A271BF9E22100641F0E /* NSData+NALUnit.m */; };
		A2A08B9E1BFB2ADA00EBDFDA /* launchImage-retina4@2x.png in Resources */ = {isa = PBXBuildFile; fileRef = A2A08B921BFB2ADA00EBDFDA /* launchImage-retina4@2x.png */; };
		A2A08BA41BFB2B0000EBDFDA /* UIImage+LaunchImage.m in Sources */ = {isa = PBXBuildFile; fileRef = A2A08BA31BFB2B0000EBDFDA /* UIImage+LaunchImage.m */; };
		A2A08BA61BFB2E3900EBDFDA /* launchImage@2x.png in Resources */ = {isa = PBXBuildFile; fileRef = A2A08BA51BFB2E3900EBDFDA /* launchImage@2x.png */; };
		A2A08BAB1BFB2F7A00EBDFDA /* launchImage-667h@2x.png in Resources */ = {isa = PBXBuildFile; fileRef = A2A08BA91BFB2F7A00EBDFDA /* launchImage-667h@2x.png */; };
		A2A08BAC1BFB2F7A00EBDFDA /* launchImage-736h@3x.png in Resources */ = {isa = PBXBuildFile; fileRef = A2A08BAA1BFB2F7A00EBDFDA /* launchImage-736h@3x.png */; };
		A2A08BB11BFB2FB900EBDFDA /* launchImage-ipad-landscape.png in Resources */ = {isa = PBXBuildFile; fileRef = A2A08BAD1BFB2FB900EBDFDA /* launchImage-ipad-landscape.png */; };
		A2A08BB21BFB2FB900EBDFDA /* launchImage-ipad-landscape@2x.png in Resources */ = {isa = PBXBuildFile; fileRef = A2A08BAE1BFB2FB900EBDFDA /* launchImage-ipad-landscape@2x.png */; };
		A2A08BB31BFB2FB900EBDFDA /* launchImage-ipad-portrait.png in Resources */ = {isa = PBXBuildFile; fileRef = A2A08BAF1BFB2FB900EBDFDA /* launchImage-ipad-portrait.png */; };
		A2A08BB41BFB2FB900EBDFDA /* launchImage-ipad-portrait@2x.png in Resources */ = {isa = PBXBuildFile; fileRef = A2A08BB01BFB2FB900EBDFDA /* launchImage-ipad-portrait@2x.png */; };
		A2A08BB61BFB86C800EBDFDA /* launchImage-landscape@2x.png in Resources */ = {isa = PBXBuildFile; fileRef = A2A08BB51BFB86C800EBDFDA /* launchImage-landscape@2x.png */; };
		A2A08BB81BFB875C00EBDFDA /* launchImage-retina4-landscape@2x.png in Resources */ = {isa = PBXBuildFile; fileRef = A2A08BB71BFB875C00EBDFDA /* launchImage-retina4-landscape@2x.png */; };
		A2A08BBA1BFB87FD00EBDFDA /* launchImage-667h-landscape@2x.png in Resources */ = {isa = PBXBuildFile; fileRef = A2A08BB91BFB87FD00EBDFDA /* launchImage-667h-landscape@2x.png */; };
		A2A08BBC1BFB889A00EBDFDA /* launchImage-736h-landscape@3x.png in Resources */ = {isa = PBXBuildFile; fileRef = A2A08BBB1BFB889A00EBDFDA /* launchImage-736h-landscape@3x.png */; };
		A2A08BC01BFB925600EBDFDA /* IP-addresses.xcdatamodeld in Sources */ = {isa = PBXBuildFile; fileRef = A2A08BBE1BFB925600EBDFDA /* IP-addresses.xcdatamodeld */; };
		A2A08BC51BFB92C900EBDFDA /* JRTIPAddress+CoreDataProperties.m in Sources */ = {isa = PBXBuildFile; fileRef = A2A08BC21BFB92C900EBDFDA /* JRTIPAddress+CoreDataProperties.m */; };
		A2A08BC61BFB92C900EBDFDA /* JRTIPAddress.m in Sources */ = {isa = PBXBuildFile; fileRef = A2A08BC41BFB92C900EBDFDA /* JRTIPAddress.m */; };
		A2A08BC91BFB964500EBDFDA /* JRTIPAddressesController.m in Sources */ = {isa = PBXBuildFile; fileRef = A2A08BC81BFB964500EBDFDA /* JRTIPAddressesController.m */; };
		A2A08BCD1BFB981500EBDFDA /* NSFileManager+ApplicationDirectories.m in Sources */ = {isa = PBXBuildFile; fileRef = A2A08BCC1BFB981500EBDFDA /* NSFileManager+ApplicationDirectories.m */; };
		A2A08BD01BFBB39500EBDFDA /* JRTIPAddressesViewController.m in Sources */ = {isa = PBXBuildFile; fileRef = A2A08BCF1BFBB39500EBDFDA /* JRTIPAddressesViewController.m */; };
		A2A08BD31BFBBC9B00EBDFDA /* JRTEditIPAddressViewController.m in Sources */ = {isa = PBXBuildFile; fileRef = A2A08BD21BFBBC9B00EBDFDA /* JRTEditIPAddressViewController.m */; };
		A2A08BD61BFBCB3200EBDFDA /* NSManagedObjectContext+Persisting.m in Sources */ = {isa = PBXBuildFile; fileRef = A2A08BD51BFBCB3200EBDFDA /* NSManagedObjectContext+Persisting.m */; };
		A2A08BD91BFCDEEA00EBDFDA /* JRTIPAddressesCollectionViewDataSource.m in Sources */ = {isa = PBXBuildFile; fileRef = A2A08BD81BFCDEEA00EBDFDA /* JRTIPAddressesCollectionViewDataSource.m */; };
		A2A08BDE1BFCF2D600EBDFDA /* JRTIPAddressCollectionViewCell.m in Sources */ = {isa = PBXBuildFile; fileRef = A2A08BDD1BFCF2D600EBDFDA /* JRTIPAddressCollectionViewCell.m */; };
		A2A08BE21BFCF33600EBDFDA /* JRTIPAddressCollectionViewCell.xib in Resources */ = {isa = PBXBuildFile; fileRef = A2A08BE11BFCF33600EBDFDA /* JRTIPAddressCollectionViewCell.xib */; };
		A2A08BE61BFDCB2200EBDFDA /* JRTIPAddressHeaderView.m in Sources */ = {isa = PBXBuildFile; fileRef = A2A08BE41BFDCB2200EBDFDA /* JRTIPAddressHeaderView.m */; };
		A2A08BE71BFDCB2200EBDFDA /* JRTIPAddressHeaderView.xib in Resources */ = {isa = PBXBuildFile; fileRef = A2A08BE51BFDCB2200EBDFDA /* JRTIPAddressHeaderView.xib */; };
		A2D4450E1A18AF16008F9060 /* sPiViewTests.m in Sources */ = {isa = PBXBuildFile; fileRef = A2D4450D1A18AF16008F9060 /* sPiViewTests.m */; };
		A2D4452A1A18B0DF008F9060 /* AppDelegate.m in Sources */ = {isa = PBXBuildFile; fileRef = A2D4451B1A18B0DF008F9060 /* AppDelegate.m */; };
		A2D4452F1A18B0DF008F9060 /* JRTSocket.m in Sources */ = {isa = PBXBuildFile; fileRef = A2D445261A18B0DF008F9060 /* JRTSocket.m */; };
		A2D445301A18B0DF008F9060 /* JRTVideoViewController.m in Sources */ = {isa = PBXBuildFile; fileRef = A2D445291A18B0DF008F9060 /* JRTVideoViewController.m */; };
		A2D445331A18B10F008F9060 /* icons-launchimages.xcassets in Resources */ = {isa = PBXBuildFile; fileRef = A2D445321A18B10F008F9060 /* icons-launchimages.xcassets */; };
		A2D445391A18B127008F9060 /* Main.storyboard in Resources */ = {isa = PBXBuildFile; fileRef = A2D445361A18B127008F9060 /* Main.storyboard */; };
		A2E508B61BFF247200DB4774 /* UIColor+sPiView.m in Sources */ = {isa = PBXBuildFile; fileRef = A2E508B51BFF247200DB4774 /* UIColor+sPiView.m */; };
/* End PBXBuildFile section */

/* Begin PBXContainerItemProxy section */
		A2D445081A18AF16008F9060 /* PBXContainerItemProxy */ = {
			isa = PBXContainerItemProxy;
			containerPortal = A2D444E61A18AF16008F9060 /* Project object */;
			proxyType = 1;
			remoteGlobalIDString = A2D444ED1A18AF16008F9060;
			remoteInfo = sPiView;
		};
/* End PBXContainerItemProxy section */

/* Begin PBXFileReference section */
		A2186FC71BF9E56C000AF257 /* Info.plist */ = {isa = PBXFileReference; fileEncoding = 4; lastKnownFileType = text.plist.xml; path = Info.plist; sourceTree = "<group>"; };
		A2186FC81BF9E56C000AF257 /* JRTDebug.h */ = {isa = PBXFileReference; fileEncoding = 4; lastKnownFileType = sourcecode.c.h; path = JRTDebug.h; sourceTree = "<group>"; };
		A2186FC91BF9E56C000AF257 /* JRTDebug.m */ = {isa = PBXFileReference; fileEncoding = 4; lastKnownFileType = sourcecode.c.objc; path = JRTDebug.m; sourceTree = "<group>"; };
		A2186FCA1BF9E56C000AF257 /* main.m */ = {isa = PBXFileReference; fileEncoding = 4; lastKnownFileType = sourcecode.c.objc; path = main.m; sourceTree = "<group>"; };
		A2186FCB1BF9E56C000AF257 /* sPiView-Prefix.pch */ = {isa = PBXFileReference; fileEncoding = 4; lastKnownFileType = sourcecode.c.h; path = "sPiView-Prefix.pch"; sourceTree = "<group>"; };
		A21910E01EE450CF00A83DA1 /* JRTCircleVibrantView.swift */ = {isa = PBXFileReference; fileEncoding = 4; lastKnownFileType = sourcecode.swift; name = JRTCircleVibrantView.swift; path = Views/JRTCircleVibrantView.swift; sourceTree = "<group>"; };
		A21DE3841A2B39330069BE45 /* iTunesArtwork */ = {isa = PBXFileReference; lastKnownFileType = file; name = iTunesArtwork; path = sPiView/resources/icons/iTunesArtwork; sourceTree = "<group>"; };
		A2585D971EE72C97004C0C6E /* NetworkController.swift */ = {isa = PBXFileReference; fileEncoding = 4; lastKnownFileType = sourcecode.swift; name = NetworkController.swift; path = sPiView/src/Networking/NetworkController.swift; sourceTree = SOURCE_ROOT; };
		A2585D991EEC38CB004C0C6E /* LightSwitchesViewController.swift */ = {isa = PBXFileReference; fileEncoding = 4; lastKnownFileType = sourcecode.swift; path = LightSwitchesViewController.swift; sourceTree = "<group>"; };
		A2585D9C1EED2899004C0C6E /* SwitchesController.swift */ = {isa = PBXFileReference; fileEncoding = 4; lastKnownFileType = sourcecode.swift; name = SwitchesController.swift; path = SwitchesControlling/SwitchesController.swift; sourceTree = "<group>"; };
		A2733A221BF9E22100641F0E /* JRTH264VideoStreamProcessor.h */ = {isa = PBXFileReference; fileEncoding = 4; lastKnownFileType = sourcecode.c.h; path = JRTH264VideoStreamProcessor.h; sourceTree = "<group>"; };
		A2733A231BF9E22100641F0E /* JRTH264VideoStreamProcessor.m */ = {isa = PBXFileReference; fileEncoding = 4; lastKnownFileType = sourcecode.c.objc; path = JRTH264VideoStreamProcessor.m; sourceTree = "<group>"; };
		A2733A241BF9E22100641F0E /* JRTH264VideoStreamController.h */ = {isa = PBXFileReference; fileEncoding = 4; lastKnownFileType = sourcecode.c.h; path = JRTH264VideoStreamController.h; sourceTree = "<group>"; };
		A2733A251BF9E22100641F0E /* JRTH264VideoStreamController.m */ = {isa = PBXFileReference; fileEncoding = 4; lastKnownFileType = sourcecode.c.objc; path = JRTH264VideoStreamController.m; sourceTree = "<group>"; };
		A2733A261BF9E22100641F0E /* NSData+NALUnit.h */ = {isa = PBXFileReference; fileEncoding = 4; lastKnownFileType = sourcecode.c.h; path = "NSData+NALUnit.h"; sourceTree = "<group>"; };
		A2733A271BF9E22100641F0E /* NSData+NALUnit.m */ = {isa = PBXFileReference; fileEncoding = 4; lastKnownFileType = sourcecode.c.objc; path = "NSData+NALUnit.m"; sourceTree = "<group>"; };
		A2A08B921BFB2ADA00EBDFDA /* launchImage-retina4@2x.png */ = {isa = PBXFileReference; lastKnownFileType = image.png; name = "launchImage-retina4@2x.png"; path = "launchimages/launchImage-retina4@2x.png"; sourceTree = "<group>"; };
		A2A08BA21BFB2B0000EBDFDA /* UIImage+LaunchImage.h */ = {isa = PBXFileReference; fileEncoding = 4; lastKnownFileType = sourcecode.c.h; path = "UIImage+LaunchImage.h"; sourceTree = "<group>"; };
		A2A08BA31BFB2B0000EBDFDA /* UIImage+LaunchImage.m */ = {isa = PBXFileReference; fileEncoding = 4; lastKnownFileType = sourcecode.c.objc; path = "UIImage+LaunchImage.m"; sourceTree = "<group>"; };
		A2A08BA51BFB2E3900EBDFDA /* launchImage@2x.png */ = {isa = PBXFileReference; lastKnownFileType = image.png; name = "launchImage@2x.png"; path = "launchimages/launchImage@2x.png"; sourceTree = "<group>"; };
		A2A08BA91BFB2F7A00EBDFDA /* launchImage-667h@2x.png */ = {isa = PBXFileReference; lastKnownFileType = image.png; name = "launchImage-667h@2x.png"; path = "launchimages/launchImage-667h@2x.png"; sourceTree = "<group>"; };
		A2A08BAA1BFB2F7A00EBDFDA /* launchImage-736h@3x.png */ = {isa = PBXFileReference; lastKnownFileType = image.png; name = "launchImage-736h@3x.png"; path = "launchimages/launchImage-736h@3x.png"; sourceTree = "<group>"; };
		A2A08BAD1BFB2FB900EBDFDA /* launchImage-ipad-landscape.png */ = {isa = PBXFileReference; lastKnownFileType = image.png; name = "launchImage-ipad-landscape.png"; path = "launchimages/launchImage-ipad-landscape.png"; sourceTree = "<group>"; };
		A2A08BAE1BFB2FB900EBDFDA /* launchImage-ipad-landscape@2x.png */ = {isa = PBXFileReference; lastKnownFileType = image.png; name = "launchImage-ipad-landscape@2x.png"; path = "launchimages/launchImage-ipad-landscape@2x.png"; sourceTree = "<group>"; };
		A2A08BAF1BFB2FB900EBDFDA /* launchImage-ipad-portrait.png */ = {isa = PBXFileReference; lastKnownFileType = image.png; name = "launchImage-ipad-portrait.png"; path = "launchimages/launchImage-ipad-portrait.png"; sourceTree = "<group>"; };
		A2A08BB01BFB2FB900EBDFDA /* launchImage-ipad-portrait@2x.png */ = {isa = PBXFileReference; lastKnownFileType = image.png; name = "launchImage-ipad-portrait@2x.png"; path = "launchimages/launchImage-ipad-portrait@2x.png"; sourceTree = "<group>"; };
		A2A08BB51BFB86C800EBDFDA /* launchImage-landscape@2x.png */ = {isa = PBXFileReference; lastKnownFileType = image.png; name = "launchImage-landscape@2x.png"; path = "launchimages/launchImage-landscape@2x.png"; sourceTree = "<group>"; };
		A2A08BB71BFB875C00EBDFDA /* launchImage-retina4-landscape@2x.png */ = {isa = PBXFileReference; lastKnownFileType = image.png; name = "launchImage-retina4-landscape@2x.png"; path = "launchimages/launchImage-retina4-landscape@2x.png"; sourceTree = "<group>"; };
		A2A08BB91BFB87FD00EBDFDA /* launchImage-667h-landscape@2x.png */ = {isa = PBXFileReference; lastKnownFileType = image.png; name = "launchImage-667h-landscape@2x.png"; path = "launchimages/launchImage-667h-landscape@2x.png"; sourceTree = "<group>"; };
		A2A08BBB1BFB889A00EBDFDA /* launchImage-736h-landscape@3x.png */ = {isa = PBXFileReference; lastKnownFileType = image.png; name = "launchImage-736h-landscape@3x.png"; path = "launchimages/launchImage-736h-landscape@3x.png"; sourceTree = "<group>"; };
		A2A08BBF1BFB925600EBDFDA /* IP-addresses.xcdatamodel */ = {isa = PBXFileReference; lastKnownFileType = wrapper.xcdatamodel; path = "IP-addresses.xcdatamodel"; sourceTree = "<group>"; };
		A2A08BC11BFB92C900EBDFDA /* JRTIPAddress+CoreDataProperties.h */ = {isa = PBXFileReference; fileEncoding = 4; lastKnownFileType = sourcecode.c.h; name = "JRTIPAddress+CoreDataProperties.h"; path = "IP-addresses/JRTIPAddress+CoreDataProperties.h"; sourceTree = "<group>"; };
		A2A08BC21BFB92C900EBDFDA /* JRTIPAddress+CoreDataProperties.m */ = {isa = PBXFileReference; fileEncoding = 4; lastKnownFileType = sourcecode.c.objc; name = "JRTIPAddress+CoreDataProperties.m"; path = "IP-addresses/JRTIPAddress+CoreDataProperties.m"; sourceTree = "<group>"; };
		A2A08BC31BFB92C900EBDFDA /* JRTIPAddress.h */ = {isa = PBXFileReference; fileEncoding = 4; lastKnownFileType = sourcecode.c.h; name = JRTIPAddress.h; path = "IP-addresses/JRTIPAddress.h"; sourceTree = "<group>"; };
		A2A08BC41BFB92C900EBDFDA /* JRTIPAddress.m */ = {isa = PBXFileReference; fileEncoding = 4; lastKnownFileType = sourcecode.c.objc; name = JRTIPAddress.m; path = "IP-addresses/JRTIPAddress.m"; sourceTree = "<group>"; };
		A2A08BC71BFB964500EBDFDA /* JRTIPAddressesController.h */ = {isa = PBXFileReference; fileEncoding = 4; lastKnownFileType = sourcecode.c.h; name = JRTIPAddressesController.h; path = "IP-addresses/JRTIPAddressesController.h"; sourceTree = "<group>"; };
		A2A08BC81BFB964500EBDFDA /* JRTIPAddressesController.m */ = {isa = PBXFileReference; fileEncoding = 4; lastKnownFileType = sourcecode.c.objc; name = JRTIPAddressesController.m; path = "IP-addresses/JRTIPAddressesController.m"; sourceTree = "<group>"; };
		A2A08BCB1BFB981500EBDFDA /* NSFileManager+ApplicationDirectories.h */ = {isa = PBXFileReference; fileEncoding = 4; lastKnownFileType = sourcecode.c.h; path = "NSFileManager+ApplicationDirectories.h"; sourceTree = "<group>"; };
		A2A08BCC1BFB981500EBDFDA /* NSFileManager+ApplicationDirectories.m */ = {isa = PBXFileReference; fileEncoding = 4; lastKnownFileType = sourcecode.c.objc; path = "NSFileManager+ApplicationDirectories.m"; sourceTree = "<group>"; };
		A2A08BCE1BFBB39500EBDFDA /* JRTIPAddressesViewController.h */ = {isa = PBXFileReference; fileEncoding = 4; lastKnownFileType = sourcecode.c.h; path = JRTIPAddressesViewController.h; sourceTree = "<group>"; };
		A2A08BCF1BFBB39500EBDFDA /* JRTIPAddressesViewController.m */ = {isa = PBXFileReference; fileEncoding = 4; lastKnownFileType = sourcecode.c.objc; path = JRTIPAddressesViewController.m; sourceTree = "<group>"; };
		A2A08BD11BFBBC9B00EBDFDA /* JRTEditIPAddressViewController.h */ = {isa = PBXFileReference; fileEncoding = 4; lastKnownFileType = sourcecode.c.h; path = JRTEditIPAddressViewController.h; sourceTree = "<group>"; };
		A2A08BD21BFBBC9B00EBDFDA /* JRTEditIPAddressViewController.m */ = {isa = PBXFileReference; fileEncoding = 4; lastKnownFileType = sourcecode.c.objc; path = JRTEditIPAddressViewController.m; sourceTree = "<group>"; };
		A2A08BD41BFBCB3200EBDFDA /* NSManagedObjectContext+Persisting.h */ = {isa = PBXFileReference; fileEncoding = 4; lastKnownFileType = sourcecode.c.h; path = "NSManagedObjectContext+Persisting.h"; sourceTree = "<group>"; };
		A2A08BD51BFBCB3200EBDFDA /* NSManagedObjectContext+Persisting.m */ = {isa = PBXFileReference; fileEncoding = 4; lastKnownFileType = sourcecode.c.objc; path = "NSManagedObjectContext+Persisting.m"; sourceTree = "<group>"; };
		A2A08BD71BFCDEEA00EBDFDA /* JRTIPAddressesCollectionViewDataSource.h */ = {isa = PBXFileReference; fileEncoding = 4; lastKnownFileType = sourcecode.c.h; path = JRTIPAddressesCollectionViewDataSource.h; sourceTree = "<group>"; };
		A2A08BD81BFCDEEA00EBDFDA /* JRTIPAddressesCollectionViewDataSource.m */ = {isa = PBXFileReference; fileEncoding = 4; lastKnownFileType = sourcecode.c.objc; path = JRTIPAddressesCollectionViewDataSource.m; sourceTree = "<group>"; };
		A2A08BDC1BFCF2D600EBDFDA /* JRTIPAddressCollectionViewCell.h */ = {isa = PBXFileReference; fileEncoding = 4; lastKnownFileType = sourcecode.c.h; name = JRTIPAddressCollectionViewCell.h; path = Views/cells/JRTIPAddressCollectionViewCell.h; sourceTree = "<group>"; };
		A2A08BDD1BFCF2D600EBDFDA /* JRTIPAddressCollectionViewCell.m */ = {isa = PBXFileReference; fileEncoding = 4; lastKnownFileType = sourcecode.c.objc; name = JRTIPAddressCollectionViewCell.m; path = Views/cells/JRTIPAddressCollectionViewCell.m; sourceTree = "<group>"; };
		A2A08BE11BFCF33600EBDFDA /* JRTIPAddressCollectionViewCell.xib */ = {isa = PBXFileReference; fileEncoding = 4; lastKnownFileType = file.xib; name = JRTIPAddressCollectionViewCell.xib; path = Views/cells/JRTIPAddressCollectionViewCell.xib; sourceTree = "<group>"; };
		A2A08BE31BFDCB2200EBDFDA /* JRTIPAddressHeaderView.h */ = {isa = PBXFileReference; fileEncoding = 4; lastKnownFileType = sourcecode.c.h; name = JRTIPAddressHeaderView.h; path = Views/cells/JRTIPAddressHeaderView.h; sourceTree = "<group>"; };
		A2A08BE41BFDCB2200EBDFDA /* JRTIPAddressHeaderView.m */ = {isa = PBXFileReference; fileEncoding = 4; lastKnownFileType = sourcecode.c.objc; name = JRTIPAddressHeaderView.m; path = Views/cells/JRTIPAddressHeaderView.m; sourceTree = "<group>"; };
		A2A08BE51BFDCB2200EBDFDA /* JRTIPAddressHeaderView.xib */ = {isa = PBXFileReference; fileEncoding = 4; lastKnownFileType = file.xib; name = JRTIPAddressHeaderView.xib; path = Views/cells/JRTIPAddressHeaderView.xib; sourceTree = "<group>"; };
		A2C55B171EDA049600EFCA80 /* sPiView-Bridging-Header.h */ = {isa = PBXFileReference; lastKnownFileType = sourcecode.c.h; path = "sPiView-Bridging-Header.h"; sourceTree = "<group>"; };
		A2C55B181EDA049600EFCA80 /* _LightSwitchesViewController.swift */ = {isa = PBXFileReference; fileEncoding = 4; lastKnownFileType = sourcecode.swift; path = _LightSwitchesViewController.swift; sourceTree = "<group>"; };
		A2D444EE1A18AF16008F9060 /* sPiView.app */ = {isa = PBXFileReference; explicitFileType = wrapper.application; includeInIndex = 0; path = sPiView.app; sourceTree = BUILT_PRODUCTS_DIR; };
		A2D445071A18AF16008F9060 /* sPiViewTests.xctest */ = {isa = PBXFileReference; explicitFileType = wrapper.cfbundle; includeInIndex = 0; path = sPiViewTests.xctest; sourceTree = BUILT_PRODUCTS_DIR; };
		A2D4450C1A18AF16008F9060 /* Info.plist */ = {isa = PBXFileReference; lastKnownFileType = text.plist.xml; path = Info.plist; sourceTree = "<group>"; };
		A2D4450D1A18AF16008F9060 /* sPiViewTests.m */ = {isa = PBXFileReference; lastKnownFileType = sourcecode.c.objc; path = sPiViewTests.m; sourceTree = "<group>"; };
		A2D4451A1A18B0DF008F9060 /* AppDelegate.h */ = {isa = PBXFileReference; fileEncoding = 4; lastKnownFileType = sourcecode.c.h; path = AppDelegate.h; sourceTree = "<group>"; };
		A2D4451B1A18B0DF008F9060 /* AppDelegate.m */ = {isa = PBXFileReference; fileEncoding = 4; lastKnownFileType = sourcecode.c.objc; path = AppDelegate.m; sourceTree = "<group>"; };
		A2D445251A18B0DF008F9060 /* JRTSocket.h */ = {isa = PBXFileReference; fileEncoding = 4; lastKnownFileType = sourcecode.c.h; path = JRTSocket.h; sourceTree = "<group>"; };
		A2D445261A18B0DF008F9060 /* JRTSocket.m */ = {isa = PBXFileReference; fileEncoding = 4; lastKnownFileType = sourcecode.c.objc; path = JRTSocket.m; sourceTree = "<group>"; };
		A2D445281A18B0DF008F9060 /* JRTVideoViewController.h */ = {isa = PBXFileReference; fileEncoding = 4; lastKnownFileType = sourcecode.c.h; path = JRTVideoViewController.h; sourceTree = "<group>"; };
		A2D445291A18B0DF008F9060 /* JRTVideoViewController.m */ = {isa = PBXFileReference; fileEncoding = 4; lastKnownFileType = sourcecode.c.objc; path = JRTVideoViewController.m; sourceTree = "<group>"; };
		A2D445321A18B10F008F9060 /* icons-launchimages.xcassets */ = {isa = PBXFileReference; lastKnownFileType = folder.assetcatalog; path = "icons-launchimages.xcassets"; sourceTree = "<group>"; };
		A2D445371A18B127008F9060 /* Base */ = {isa = PBXFileReference; lastKnownFileType = file.storyboard; name = Base; path = Base.lproj/Main.storyboard; sourceTree = "<group>"; };
		A2E508B41BFF247200DB4774 /* UIColor+sPiView.h */ = {isa = PBXFileReference; fileEncoding = 4; lastKnownFileType = sourcecode.c.h; path = "UIColor+sPiView.h"; sourceTree = "<group>"; };
		A2E508B51BFF247200DB4774 /* UIColor+sPiView.m */ = {isa = PBXFileReference; fileEncoding = 4; lastKnownFileType = sourcecode.c.objc; path = "UIColor+sPiView.m"; sourceTree = "<group>"; };
/* End PBXFileReference section */

/* Begin PBXFrameworksBuildPhase section */
		A2D444EB1A18AF16008F9060 /* Frameworks */ = {
			isa = PBXFrameworksBuildPhase;
			buildActionMask = 2147483647;
			files = (
			);
			runOnlyForDeploymentPostprocessing = 0;
		};
		A2D445041A18AF16008F9060 /* Frameworks */ = {
			isa = PBXFrameworksBuildPhase;
			buildActionMask = 2147483647;
			files = (
			);
			runOnlyForDeploymentPostprocessing = 0;
		};
/* End PBXFrameworksBuildPhase section */

/* Begin PBXGroup section */
		A2186FC61BF9E56C000AF257 /* supporting files */ = {
			isa = PBXGroup;
			children = (
				A2186FC71BF9E56C000AF257 /* Info.plist */,
				A2186FC81BF9E56C000AF257 /* JRTDebug.h */,
				A2186FC91BF9E56C000AF257 /* JRTDebug.m */,
				A2186FCA1BF9E56C000AF257 /* main.m */,
				A2186FCB1BF9E56C000AF257 /* sPiView-Prefix.pch */,
			);
			name = "supporting files";
			path = "src/supporting files";
			sourceTree = "<group>";
		};
		A21DE3861A2B7C2F0069BE45 /* Images */ = {
			isa = PBXGroup;
			children = (
				A21DE3871A2B7C390069BE45 /* LaunchImages */,
			);
			name = Images;
			sourceTree = "<group>";
		};
		A21DE3871A2B7C390069BE45 /* LaunchImages */ = {
			isa = PBXGroup;
			children = (
				A2A08BA51BFB2E3900EBDFDA /* launchImage@2x.png */,
				A2A08BB51BFB86C800EBDFDA /* launchImage-landscape@2x.png */,
				A2A08B921BFB2ADA00EBDFDA /* launchImage-retina4@2x.png */,
				A2A08BB71BFB875C00EBDFDA /* launchImage-retina4-landscape@2x.png */,
				A2A08BA91BFB2F7A00EBDFDA /* launchImage-667h@2x.png */,
				A2A08BB91BFB87FD00EBDFDA /* launchImage-667h-landscape@2x.png */,
				A2A08BAA1BFB2F7A00EBDFDA /* launchImage-736h@3x.png */,
				A2A08BBB1BFB889A00EBDFDA /* launchImage-736h-landscape@3x.png */,
				A2A08BAD1BFB2FB900EBDFDA /* launchImage-ipad-landscape.png */,
				A2A08BAE1BFB2FB900EBDFDA /* launchImage-ipad-landscape@2x.png */,
				A2A08BAF1BFB2FB900EBDFDA /* launchImage-ipad-portrait.png */,
				A2A08BB01BFB2FB900EBDFDA /* launchImage-ipad-portrait@2x.png */,
			);
			name = LaunchImages;
			sourceTree = "<group>";
		};
		A2585D9B1EED2872004C0C6E /* SwitchesControlling */ = {
			isa = PBXGroup;
			children = (
				A2585D9C1EED2899004C0C6E /* SwitchesController.swift */,
			);
			name = SwitchesControlling;
			sourceTree = "<group>";
		};
		A2733A211BF9E22100641F0E /* H264VideoProcessing */ = {
			isa = PBXGroup;
			children = (
				A2733A241BF9E22100641F0E /* JRTH264VideoStreamController.h */,
				A2733A251BF9E22100641F0E /* JRTH264VideoStreamController.m */,
				A2733A221BF9E22100641F0E /* JRTH264VideoStreamProcessor.h */,
				A2733A231BF9E22100641F0E /* JRTH264VideoStreamProcessor.m */,
				A2733A261BF9E22100641F0E /* NSData+NALUnit.h */,
				A2733A271BF9E22100641F0E /* NSData+NALUnit.m */,
			);
			path = H264VideoProcessing;
			sourceTree = "<group>";
		};
		A2A08BBD1BFB922A00EBDFDA /* IP-addresses */ = {
			isa = PBXGroup;
			children = (
				A2A08BBE1BFB925600EBDFDA /* IP-addresses.xcdatamodeld */,
				A2A08BC31BFB92C900EBDFDA /* JRTIPAddress.h */,
				A2A08BC41BFB92C900EBDFDA /* JRTIPAddress.m */,
				A2A08BC11BFB92C900EBDFDA /* JRTIPAddress+CoreDataProperties.h */,
				A2A08BC21BFB92C900EBDFDA /* JRTIPAddress+CoreDataProperties.m */,
				A2A08BC71BFB964500EBDFDA /* JRTIPAddressesController.h */,
				A2A08BC81BFB964500EBDFDA /* JRTIPAddressesController.m */,
			);
			name = "IP-addresses";
			sourceTree = "<group>";
		};
		A2A08BDA1BFCF2AF00EBDFDA /* views */ = {
			isa = PBXGroup;
			children = (
				A21910E01EE450CF00A83DA1 /* JRTCircleVibrantView.swift */,
				A2A08BDB1BFCF2B700EBDFDA /* cells */,
			);
			name = views;
			sourceTree = "<group>";
		};
		A2A08BDB1BFCF2B700EBDFDA /* cells */ = {
			isa = PBXGroup;
			children = (
				A2A08BDC1BFCF2D600EBDFDA /* JRTIPAddressCollectionViewCell.h */,
				A2A08BDD1BFCF2D600EBDFDA /* JRTIPAddressCollectionViewCell.m */,
				A2A08BE11BFCF33600EBDFDA /* JRTIPAddressCollectionViewCell.xib */,
				A2A08BE31BFDCB2200EBDFDA /* JRTIPAddressHeaderView.h */,
				A2A08BE41BFDCB2200EBDFDA /* JRTIPAddressHeaderView.m */,
				A2A08BE51BFDCB2200EBDFDA /* JRTIPAddressHeaderView.xib */,
			);
			name = cells;
			sourceTree = "<group>";
		};
		A2D444E51A18AF16008F9060 = {
			isa = PBXGroup;
			children = (
				A2D444F01A18AF16008F9060 /* sPiView */,
				A2D4450A1A18AF16008F9060 /* sPiViewTests */,
				A2D444EF1A18AF16008F9060 /* Products */,
				A21DE3841A2B39330069BE45 /* iTunesArtwork */,
			);
			sourceTree = "<group>";
		};
		A2D444EF1A18AF16008F9060 /* Products */ = {
			isa = PBXGroup;
			children = (
				A2D444EE1A18AF16008F9060 /* sPiView.app */,
				A2D445071A18AF16008F9060 /* sPiViewTests.xctest */,
			);
			name = Products;
			sourceTree = "<group>";
		};
		A2D444F01A18AF16008F9060 /* sPiView */ = {
			isa = PBXGroup;
			children = (
				A2D445191A18B0DF008F9060 /* src */,
				A2186FC61BF9E56C000AF257 /* supporting files */,
				A2D445311A18B10F008F9060 /* resources */,
			);
			path = sPiView;
			sourceTree = "<group>";
		};
		A2D4450A1A18AF16008F9060 /* sPiViewTests */ = {
			isa = PBXGroup;
			children = (
				A2D4450D1A18AF16008F9060 /* sPiViewTests.m */,
				A2D4450B1A18AF16008F9060 /* Supporting Files */,
			);
			path = sPiViewTests;
			sourceTree = "<group>";
		};
		A2D4450B1A18AF16008F9060 /* Supporting Files */ = {
			isa = PBXGroup;
			children = (
				A2D4450C1A18AF16008F9060 /* Info.plist */,
			);
			name = "Supporting Files";
			sourceTree = "<group>";
		};
		A2D445191A18B0DF008F9060 /* src */ = {
			isa = PBXGroup;
			children = (
				A2585D9B1EED2872004C0C6E /* SwitchesControlling */,
				A2A08BBD1BFB922A00EBDFDA /* IP-addresses */,
				A2D445361A18B127008F9060 /* Main.storyboard */,
				A2D4451A1A18B0DF008F9060 /* AppDelegate.h */,
				A2D4451B1A18B0DF008F9060 /* AppDelegate.m */,
				A2A08BA21BFB2B0000EBDFDA /* UIImage+LaunchImage.h */,
				A2A08BA31BFB2B0000EBDFDA /* UIImage+LaunchImage.m */,
				A2E508B41BFF247200DB4774 /* UIColor+sPiView.h */,
				A2E508B51BFF247200DB4774 /* UIColor+sPiView.m */,
				A2A08BCB1BFB981500EBDFDA /* NSFileManager+ApplicationDirectories.h */,
				A2A08BCC1BFB981500EBDFDA /* NSFileManager+ApplicationDirectories.m */,
				A2A08BD41BFBCB3200EBDFDA /* NSManagedObjectContext+Persisting.h */,
				A2A08BD51BFBCB3200EBDFDA /* NSManagedObjectContext+Persisting.m */,
				A2733A211BF9E22100641F0E /* H264VideoProcessing */,
				A2D445241A18B0DF008F9060 /* Networking */,
				A2A08BDA1BFCF2AF00EBDFDA /* views */,
				A2D445271A18B0DF008F9060 /* ViewControllers */,
			);
			path = src;
			sourceTree = "<group>";
		};
		A2D445241A18B0DF008F9060 /* Networking */ = {
			isa = PBXGroup;
			children = (
				A2D445251A18B0DF008F9060 /* JRTSocket.h */,
				A2D445261A18B0DF008F9060 /* JRTSocket.m */,
				A2585D971EE72C97004C0C6E /* NetworkController.swift */,
			);
			path = Networking;
			sourceTree = "<group>";
		};
		A2D445271A18B0DF008F9060 /* ViewControllers */ = {
			isa = PBXGroup;
			children = (
				A2D445281A18B0DF008F9060 /* JRTVideoViewController.h */,
				A2D445291A18B0DF008F9060 /* JRTVideoViewController.m */,
				A2A08BCE1BFBB39500EBDFDA /* JRTIPAddressesViewController.h */,
				A2A08BCF1BFBB39500EBDFDA /* JRTIPAddressesViewController.m */,
				A2A08BD71BFCDEEA00EBDFDA /* JRTIPAddressesCollectionViewDataSource.h */,
				A2A08BD81BFCDEEA00EBDFDA /* JRTIPAddressesCollectionViewDataSource.m */,
				A2A08BD11BFBBC9B00EBDFDA /* JRTEditIPAddressViewController.h */,
				A2A08BD21BFBBC9B00EBDFDA /* JRTEditIPAddressViewController.m */,
				A2C55B181EDA049600EFCA80 /* _LightSwitchesViewController.swift */,
				A2585D991EEC38CB004C0C6E /* LightSwitchesViewController.swift */,
				A2C55B171EDA049600EFCA80 /* sPiView-Bridging-Header.h */,
			);
			path = ViewControllers;
			sourceTree = "<group>";
		};
		A2D445311A18B10F008F9060 /* resources */ = {
			isa = PBXGroup;
			children = (
				A21DE3861A2B7C2F0069BE45 /* Images */,
				A2D445321A18B10F008F9060 /* icons-launchimages.xcassets */,
			);
			path = resources;
			sourceTree = "<group>";
		};
/* End PBXGroup section */

/* Begin PBXNativeTarget section */
		A2D444ED1A18AF16008F9060 /* sPiView */ = {
			isa = PBXNativeTarget;
			buildConfigurationList = A2D445111A18AF16008F9060 /* Build configuration list for PBXNativeTarget "sPiView" */;
			buildPhases = (
				A2D444EA1A18AF16008F9060 /* Sources */,
				A2D444EB1A18AF16008F9060 /* Frameworks */,
				A2D444EC1A18AF16008F9060 /* Resources */,
			);
			buildRules = (
			);
			dependencies = (
			);
			name = sPiView;
			productName = sPiView;
			productReference = A2D444EE1A18AF16008F9060 /* sPiView.app */;
			productType = "com.apple.product-type.application";
		};
		A2D445061A18AF16008F9060 /* sPiViewTests */ = {
			isa = PBXNativeTarget;
			buildConfigurationList = A2D445141A18AF16008F9060 /* Build configuration list for PBXNativeTarget "sPiViewTests" */;
			buildPhases = (
				A2D445031A18AF16008F9060 /* Sources */,
				A2D445041A18AF16008F9060 /* Frameworks */,
				A2D445051A18AF16008F9060 /* Resources */,
			);
			buildRules = (
			);
			dependencies = (
				A2D445091A18AF16008F9060 /* PBXTargetDependency */,
			);
			name = sPiViewTests;
			productName = sPiViewTests;
			productReference = A2D445071A18AF16008F9060 /* sPiViewTests.xctest */;
			productType = "com.apple.product-type.bundle.unit-test";
		};
/* End PBXNativeTarget section */

/* Begin PBXProject section */
		A2D444E61A18AF16008F9060 /* Project object */ = {
			isa = PBXProject;
			attributes = {
				CLASSPREFIX = JRT;
				LastUpgradeCheck = 0830;
				ORGANIZATIONNAME = KerrelInc;
				TargetAttributes = {
					A2D444ED1A18AF16008F9060 = {
						CreatedOnToolsVersion = 6.1;
						DevelopmentTeam = 2C6KT7L4EZ;
						LastSwiftMigration = 0830;
					};
					A2D445061A18AF16008F9060 = {
						CreatedOnToolsVersion = 6.1;
						DevelopmentTeam = 2C6KT7L4EZ;
						TestTargetID = A2D444ED1A18AF16008F9060;
					};
				};
			};
			buildConfigurationList = A2D444E91A18AF16008F9060 /* Build configuration list for PBXProject "sPiView" */;
			compatibilityVersion = "Xcode 3.2";
			developmentRegion = English;
			hasScannedForEncodings = 0;
			knownRegions = (
				en,
				Base,
			);
			mainGroup = A2D444E51A18AF16008F9060;
			productRefGroup = A2D444EF1A18AF16008F9060 /* Products */;
			projectDirPath = "";
			projectRoot = "";
			targets = (
				A2D444ED1A18AF16008F9060 /* sPiView */,
				A2D445061A18AF16008F9060 /* sPiViewTests */,
			);
		};
/* End PBXProject section */

/* Begin PBXResourcesBuildPhase section */
		A2D444EC1A18AF16008F9060 /* Resources */ = {
			isa = PBXResourcesBuildPhase;
			buildActionMask = 2147483647;
			files = (
				A2A08BAC1BFB2F7A00EBDFDA /* launchImage-736h@3x.png in Resources */,
				A2D445391A18B127008F9060 /* Main.storyboard in Resources */,
				A2A08BE21BFCF33600EBDFDA /* JRTIPAddressCollectionViewCell.xib in Resources */,
				A2A08BB81BFB875C00EBDFDA /* launchImage-retina4-landscape@2x.png in Resources */,
				A21DE3851A2B39330069BE45 /* iTunesArtwork in Resources */,
				A2A08BB41BFB2FB900EBDFDA /* launchImage-ipad-portrait@2x.png in Resources */,
				A2A08BAB1BFB2F7A00EBDFDA /* launchImage-667h@2x.png in Resources */,
				A2A08BBA1BFB87FD00EBDFDA /* launchImage-667h-landscape@2x.png in Resources */,
				A2A08BE71BFDCB2200EBDFDA /* JRTIPAddressHeaderView.xib in Resources */,
				A2A08B9E1BFB2ADA00EBDFDA /* launchImage-retina4@2x.png in Resources */,
				A2D445331A18B10F008F9060 /* icons-launchimages.xcassets in Resources */,
				A2A08BB21BFB2FB900EBDFDA /* launchImage-ipad-landscape@2x.png in Resources */,
				A2A08BA61BFB2E3900EBDFDA /* launchImage@2x.png in Resources */,
				A2A08BB11BFB2FB900EBDFDA /* launchImage-ipad-landscape.png in Resources */,
				A2A08BBC1BFB889A00EBDFDA /* launchImage-736h-landscape@3x.png in Resources */,
				A2A08BB31BFB2FB900EBDFDA /* launchImage-ipad-portrait.png in Resources */,
				A2A08BB61BFB86C800EBDFDA /* launchImage-landscape@2x.png in Resources */,
			);
			runOnlyForDeploymentPostprocessing = 0;
		};
		A2D445051A18AF16008F9060 /* Resources */ = {
			isa = PBXResourcesBuildPhase;
			buildActionMask = 2147483647;
			files = (
			);
			runOnlyForDeploymentPostprocessing = 0;
		};
/* End PBXResourcesBuildPhase section */

/* Begin PBXSourcesBuildPhase section */
		A2D444EA1A18AF16008F9060 /* Sources */ = {
			isa = PBXSourcesBuildPhase;
			buildActionMask = 2147483647;
			files = (
				A2A08BC61BFB92C900EBDFDA /* JRTIPAddress.m in Sources */,
				A2A08BD01BFBB39500EBDFDA /* JRTIPAddressesViewController.m in Sources */,
				A2A08BC51BFB92C900EBDFDA /* JRTIPAddress+CoreDataProperties.m in Sources */,
				A2A08BD61BFBCB3200EBDFDA /* NSManagedObjectContext+Persisting.m in Sources */,
				A2D4452A1A18B0DF008F9060 /* AppDelegate.m in Sources */,
				A2E508B61BFF247200DB4774 /* UIColor+sPiView.m in Sources */,
				A2585D9A1EEC38CB004C0C6E /* LightSwitchesViewController.swift in Sources */,
				A2A08BC01BFB925600EBDFDA /* IP-addresses.xcdatamodeld in Sources */,
				A2A08BE61BFDCB2200EBDFDA /* JRTIPAddressHeaderView.m in Sources */,
				A2585D981EE72C97004C0C6E /* NetworkController.swift in Sources */,
				A2D445301A18B0DF008F9060 /* JRTVideoViewController.m in Sources */,
				A2A08BCD1BFB981500EBDFDA /* NSFileManager+ApplicationDirectories.m in Sources */,
				A2A08BA41BFB2B0000EBDFDA /* UIImage+LaunchImage.m in Sources */,
				A2733A291BF9E22100641F0E /* JRTH264VideoStreamController.m in Sources */,
				A2585D9D1EED2899004C0C6E /* SwitchesController.swift in Sources */,
				A2733A2A1BF9E22100641F0E /* NSData+NALUnit.m in Sources */,
				A2186FCD1BF9E56C000AF257 /* JRTDebug.m in Sources */,
				A2D4452F1A18B0DF008F9060 /* JRTSocket.m in Sources */,
				A2A08BC91BFB964500EBDFDA /* JRTIPAddressesController.m in Sources */,
				A2A08BDE1BFCF2D600EBDFDA /* JRTIPAddressCollectionViewCell.m in Sources */,
				A2186FCE1BF9E56C000AF257 /* main.m in Sources */,
				A2A08BD31BFBBC9B00EBDFDA /* JRTEditIPAddressViewController.m in Sources */,
				A2A08BD91BFCDEEA00EBDFDA /* JRTIPAddressesCollectionViewDataSource.m in Sources */,
				A21910E11EE450CF00A83DA1 /* JRTCircleVibrantView.swift in Sources */,
				A2733A281BF9E22100641F0E /* JRTH264VideoStreamProcessor.m in Sources */,
			);
			runOnlyForDeploymentPostprocessing = 0;
		};
		A2D445031A18AF16008F9060 /* Sources */ = {
			isa = PBXSourcesBuildPhase;
			buildActionMask = 2147483647;
			files = (
				A2D4450E1A18AF16008F9060 /* sPiViewTests.m in Sources */,
			);
			runOnlyForDeploymentPostprocessing = 0;
		};
/* End PBXSourcesBuildPhase section */

/* Begin PBXTargetDependency section */
		A2D445091A18AF16008F9060 /* PBXTargetDependency */ = {
			isa = PBXTargetDependency;
			target = A2D444ED1A18AF16008F9060 /* sPiView */;
			targetProxy = A2D445081A18AF16008F9060 /* PBXContainerItemProxy */;
		};
/* End PBXTargetDependency section */

/* Begin PBXVariantGroup section */
		A2D445361A18B127008F9060 /* Main.storyboard */ = {
			isa = PBXVariantGroup;
			children = (
				A2D445371A18B127008F9060 /* Base */,
			);
			name = Main.storyboard;
			path = ../resources;
			sourceTree = "<group>";
		};
/* End PBXVariantGroup section */

/* Begin XCBuildConfiguration section */
		A2D4450F1A18AF16008F9060 /* Debug */ = {
			isa = XCBuildConfiguration;
			buildSettings = {
				ALWAYS_SEARCH_USER_PATHS = NO;
				CLANG_CXX_LANGUAGE_STANDARD = "gnu++0x";
				CLANG_CXX_LIBRARY = "libc++";
				CLANG_ENABLE_MODULES = YES;
				CLANG_ENABLE_OBJC_ARC = YES;
				CLANG_WARN_BOOL_CONVERSION = YES;
				CLANG_WARN_CONSTANT_CONVERSION = YES;
				CLANG_WARN_DIRECT_OBJC_ISA_USAGE = YES_ERROR;
				CLANG_WARN_EMPTY_BODY = YES;
				CLANG_WARN_ENUM_CONVERSION = YES;
				CLANG_WARN_INFINITE_RECURSION = YES;
				CLANG_WARN_INT_CONVERSION = YES;
				CLANG_WARN_OBJC_ROOT_CLASS = YES_ERROR;
				CLANG_WARN_SUSPICIOUS_MOVE = YES;
				CLANG_WARN_UNREACHABLE_CODE = YES;
				CLANG_WARN__DUPLICATE_METHOD_MATCH = YES;
				"CODE_SIGN_IDENTITY[sdk=iphoneos*]" = "iPhone Developer";
				COPY_PHASE_STRIP = NO;
				ENABLE_STRICT_OBJC_MSGSEND = YES;
				ENABLE_TESTABILITY = YES;
				GCC_C_LANGUAGE_STANDARD = gnu99;
				GCC_DYNAMIC_NO_PIC = NO;
				GCC_NO_COMMON_BLOCKS = YES;
				GCC_OPTIMIZATION_LEVEL = 0;
				GCC_PREPROCESSOR_DEFINITIONS = (
					"DEBUG=1",
					"$(inherited)",
				);
				GCC_SYMBOLS_PRIVATE_EXTERN = NO;
				GCC_WARN_64_TO_32_BIT_CONVERSION = YES;
				GCC_WARN_ABOUT_RETURN_TYPE = YES_ERROR;
				GCC_WARN_UNDECLARED_SELECTOR = YES;
				GCC_WARN_UNINITIALIZED_AUTOS = YES_AGGRESSIVE;
				GCC_WARN_UNUSED_FUNCTION = YES;
				GCC_WARN_UNUSED_VARIABLE = YES;
				IPHONEOS_DEPLOYMENT_TARGET = 10.3;
				MTL_ENABLE_DEBUG_INFO = YES;
				ONLY_ACTIVE_ARCH = YES;
				SDKROOT = iphoneos;
				TARGETED_DEVICE_FAMILY = "1,2";
			};
			name = Debug;
		};
		A2D445101A18AF16008F9060 /* Release */ = {
			isa = XCBuildConfiguration;
			buildSettings = {
				ALWAYS_SEARCH_USER_PATHS = NO;
				CLANG_CXX_LANGUAGE_STANDARD = "gnu++0x";
				CLANG_CXX_LIBRARY = "libc++";
				CLANG_ENABLE_MODULES = YES;
				CLANG_ENABLE_OBJC_ARC = YES;
				CLANG_WARN_BOOL_CONVERSION = YES;
				CLANG_WARN_CONSTANT_CONVERSION = YES;
				CLANG_WARN_DIRECT_OBJC_ISA_USAGE = YES_ERROR;
				CLANG_WARN_EMPTY_BODY = YES;
				CLANG_WARN_ENUM_CONVERSION = YES;
				CLANG_WARN_INFINITE_RECURSION = YES;
				CLANG_WARN_INT_CONVERSION = YES;
				CLANG_WARN_OBJC_ROOT_CLASS = YES_ERROR;
				CLANG_WARN_SUSPICIOUS_MOVE = YES;
				CLANG_WARN_UNREACHABLE_CODE = YES;
				CLANG_WARN__DUPLICATE_METHOD_MATCH = YES;
				"CODE_SIGN_IDENTITY[sdk=iphoneos*]" = "iPhone Developer";
				COPY_PHASE_STRIP = YES;
				ENABLE_NS_ASSERTIONS = NO;
				ENABLE_STRICT_OBJC_MSGSEND = YES;
				GCC_C_LANGUAGE_STANDARD = gnu99;
				GCC_NO_COMMON_BLOCKS = YES;
				GCC_WARN_64_TO_32_BIT_CONVERSION = YES;
				GCC_WARN_ABOUT_RETURN_TYPE = YES_ERROR;
				GCC_WARN_UNDECLARED_SELECTOR = YES;
				GCC_WARN_UNINITIALIZED_AUTOS = YES_AGGRESSIVE;
				GCC_WARN_UNUSED_FUNCTION = YES;
				GCC_WARN_UNUSED_VARIABLE = YES;
				IPHONEOS_DEPLOYMENT_TARGET = 10.3;
				MTL_ENABLE_DEBUG_INFO = NO;
				SDKROOT = iphoneos;
				SWIFT_OPTIMIZATION_LEVEL = "-Owholemodule";
				TARGETED_DEVICE_FAMILY = "1,2";
				VALIDATE_PRODUCT = YES;
			};
			name = Release;
		};
		A2D445121A18AF16008F9060 /* Debug */ = {
			isa = XCBuildConfiguration;
			buildSettings = {
				ASSETCATALOG_COMPILER_APPICON_NAME = AppIcon;
				ASSETCATALOG_COMPILER_LAUNCHIMAGE_NAME = LaunchImage;
				CLANG_ENABLE_MODULES = YES;
				CLANG_STATIC_ANALYZER_MODE = deep;
				CLANG_WARN_DEPRECATED_OBJC_IMPLEMENTATIONS = YES;
				CLANG_WARN_OBJC_IMPLICIT_RETAIN_SELF = YES;
				CLANG_WARN_OBJC_REPEATED_USE_OF_WEAK = YES;
				CLANG_WARN_SUSPICIOUS_IMPLICIT_CONVERSION = YES;
				DEVELOPMENT_TEAM = 2C6KT7L4EZ;
				GCC_PREFIX_HEADER = "$SRCROOT/sPiView/src/supporting files/sPiView-Prefix.pch";
				GCC_WARN_ABOUT_MISSING_FIELD_INITIALIZERS = YES;
				GCC_WARN_PEDANTIC = NO;
				GCC_WARN_SHADOW = YES;
				GCC_WARN_SIGN_COMPARE = YES;
				GCC_WARN_STRICT_SELECTOR_MATCH = YES;
				INFOPLIST_FILE = "$SRCROOT/sPiView/src/supporting files/Info.plist";
				IPHONEOS_DEPLOYMENT_TARGET = 10.2;
				LD_RUNPATH_SEARCH_PATHS = "$(inherited) @executable_path/Frameworks";
				PRODUCT_BUNDLE_IDENTIFIER = com.kerrelinc.spiview;
				PRODUCT_NAME = "$(TARGET_NAME)";
				RUN_CLANG_STATIC_ANALYZER = YES;
				SWIFT_OBJC_BRIDGING_HEADER = "sPiView/src/ViewControllers/sPiView-Bridging-Header.h";
				SWIFT_OPTIMIZATION_LEVEL = "-Onone";
				SWIFT_VERSION = 3.0;
			};
			name = Debug;
		};
		A2D445131A18AF16008F9060 /* Release */ = {
			isa = XCBuildConfiguration;
			buildSettings = {
				ASSETCATALOG_COMPILER_APPICON_NAME = AppIcon;
				ASSETCATALOG_COMPILER_LAUNCHIMAGE_NAME = LaunchImage;
				CLANG_ENABLE_MODULES = YES;
				CLANG_STATIC_ANALYZER_MODE = deep;
				CLANG_WARN_DEPRECATED_OBJC_IMPLEMENTATIONS = YES;
				CLANG_WARN_OBJC_IMPLICIT_RETAIN_SELF = YES;
				CLANG_WARN_OBJC_REPEATED_USE_OF_WEAK = YES;
				CLANG_WARN_SUSPICIOUS_IMPLICIT_CONVERSION = YES;
				DEVELOPMENT_TEAM = 2C6KT7L4EZ;
				GCC_PREFIX_HEADER = "$SRCROOT/sPiView/src/supporting files/sPiView-Prefix.pch";
				GCC_WARN_ABOUT_MISSING_FIELD_INITIALIZERS = YES;
				GCC_WARN_PEDANTIC = NO;
				GCC_WARN_SHADOW = YES;
				GCC_WARN_SIGN_COMPARE = YES;
				GCC_WARN_STRICT_SELECTOR_MATCH = YES;
				INFOPLIST_FILE = "$SRCROOT/sPiView/src/supporting files/Info.plist";
				IPHONEOS_DEPLOYMENT_TARGET = 10.2;
				LD_RUNPATH_SEARCH_PATHS = "$(inherited) @executable_path/Frameworks";
				PRODUCT_BUNDLE_IDENTIFIER = com.kerrelinc.spiview;
				PRODUCT_NAME = "$(TARGET_NAME)";
				RUN_CLANG_STATIC_ANALYZER = YES;
				SWIFT_OBJC_BRIDGING_HEADER = "sPiView/src/ViewControllers/sPiView-Bridging-Header.h";
				SWIFT_VERSION = 3.0;
			};
			name = Release;
		};
		A2D445151A18AF16008F9060 /* Debug */ = {
			isa = XCBuildConfiguration;
			buildSettings = {
				ALWAYS_EMBED_SWIFT_STANDARD_LIBRARIES = YES;
				BUNDLE_LOADER = "$(TEST_HOST)";
				DEVELOPMENT_TEAM = 2C6KT7L4EZ;
				FRAMEWORK_SEARCH_PATHS = (
					"$(SDKROOT)/Developer/Library/Frameworks",
					"$(inherited)",
				);
				GCC_PREPROCESSOR_DEFINITIONS = (
					"DEBUG=1",
					"$(inherited)",
				);
				INFOPLIST_FILE = sPiViewTests/Info.plist;
				LD_RUNPATH_SEARCH_PATHS = "$(inherited) @executable_path/Frameworks @loader_path/Frameworks";
				PRODUCT_BUNDLE_IDENTIFIER = "com.kerrelinc.$(PRODUCT_NAME:rfc1034identifier)";
				PRODUCT_NAME = "$(TARGET_NAME)";
				TEST_HOST = "$(BUILT_PRODUCTS_DIR)/sPiView.app/sPiView";
			};
			name = Debug;
		};
		A2D445161A18AF16008F9060 /* Release */ = {
			isa = XCBuildConfiguration;
			buildSettings = {
				ALWAYS_EMBED_SWIFT_STANDARD_LIBRARIES = YES;
				BUNDLE_LOADER = "$(TEST_HOST)";
				DEVELOPMENT_TEAM = 2C6KT7L4EZ;
				FRAMEWORK_SEARCH_PATHS = (
					"$(SDKROOT)/Developer/Library/Frameworks",
					"$(inherited)",
				);
				INFOPLIST_FILE = sPiViewTests/Info.plist;
				LD_RUNPATH_SEARCH_PATHS = "$(inherited) @executable_path/Frameworks @loader_path/Frameworks";
				PRODUCT_BUNDLE_IDENTIFIER = "com.kerrelinc.$(PRODUCT_NAME:rfc1034identifier)";
				PRODUCT_NAME = "$(TARGET_NAME)";
				TEST_HOST = "$(BUILT_PRODUCTS_DIR)/sPiView.app/sPiView";
			};
			name = Release;
		};
/* End XCBuildConfiguration section */

/* Begin XCConfigurationList section */
		A2D444E91A18AF16008F9060 /* Build configuration list for PBXProject "sPiView" */ = {
			isa = XCConfigurationList;
			buildConfigurations = (
				A2D4450F1A18AF16008F9060 /* Debug */,
				A2D445101A18AF16008F9060 /* Release */,
			);
			defaultConfigurationIsVisible = 0;
			defaultConfigurationName = Release;
		};
		A2D445111A18AF16008F9060 /* Build configuration list for PBXNativeTarget "sPiView" */ = {
			isa = XCConfigurationList;
			buildConfigurations = (
				A2D445121A18AF16008F9060 /* Debug */,
				A2D445131A18AF16008F9060 /* Release */,
			);
			defaultConfigurationIsVisible = 0;
			defaultConfigurationName = Release;
		};
		A2D445141A18AF16008F9060 /* Build configuration list for PBXNativeTarget "sPiViewTests" */ = {
			isa = XCConfigurationList;
			buildConfigurations = (
				A2D445151A18AF16008F9060 /* Debug */,
				A2D445161A18AF16008F9060 /* Release */,
			);
			defaultConfigurationIsVisible = 0;
			defaultConfigurationName = Release;
		};
/* End XCConfigurationList section */

/* Begin XCVersionGroup section */
		A2A08BBE1BFB925600EBDFDA /* IP-addresses.xcdatamodeld */ = {
			isa = XCVersionGroup;
			children = (
				A2A08BBF1BFB925600EBDFDA /* IP-addresses.xcdatamodel */,
			);
			currentVersion = A2A08BBF1BFB925600EBDFDA /* IP-addresses.xcdatamodel */;
			name = "IP-addresses.xcdatamodeld";
			path = "IP-addresses/IP-addresses.xcdatamodeld";
			sourceTree = "<group>";
			versionGroupType = wrapper.xcdatamodel;
		};
/* End XCVersionGroup section */
	};
	rootObject = A2D444E61A18AF16008F9060 /* Project object */;
}
